// !$*UTF8*$!
{
	archiveVersion = 1;
	classes = {
	};
	objectVersion = 46;
	objects = {

/* Begin PBXBuildFile section */
		88928A1F1C8E5DD000A05FFB /* AppDelegate.swift in Sources */ = {isa = PBXBuildFile; fileRef = 88928A1E1C8E5DD000A05FFB /* AppDelegate.swift */; };
		88928A211C8E5DD000A05FFB /* ViewController.swift in Sources */ = {isa = PBXBuildFile; fileRef = 88928A201C8E5DD000A05FFB /* ViewController.swift */; };
		88928A241C8E5DD000A05FFB /* Main.storyboard in Resources */ = {isa = PBXBuildFile; fileRef = 88928A221C8E5DD000A05FFB /* Main.storyboard */; };
		88928A261C8E5DD000A05FFB /* Images.xcassets in Resources */ = {isa = PBXBuildFile; fileRef = 88928A251C8E5DD000A05FFB /* Images.xcassets */; };
		88928A291C8E5DD000A05FFB /* LaunchScreen.xib in Resources */ = {isa = PBXBuildFile; fileRef = 88928A271C8E5DD000A05FFB /* LaunchScreen.xib */; };
		88928A351C8E5DD000A05FFB /* _____Tests.swift in Sources */ = {isa = PBXBuildFile; fileRef = 88928A341C8E5DD000A05FFB /* _____Tests.swift */; };
		88928A3F1C8E5EB700A05FFB /* nextViewController.swift in Sources */ = {isa = PBXBuildFile; fileRef = 88928A3E1C8E5EB700A05FFB /* nextViewController.swift */; };
/* End PBXBuildFile section */

/* Begin PBXContainerItemProxy section */
		88928A2F1C8E5DD000A05FFB /* PBXContainerItemProxy */ = {
			isa = PBXContainerItemProxy;
			containerPortal = 88928A111C8E5DD000A05FFB /* Project object */;
			proxyType = 1;
			remoteGlobalIDString = 88928A181C8E5DD000A05FFB;
			remoteInfo = "退回上一页";
		};
/* End PBXContainerItemProxy section */

/* Begin PBXFileReference section */
		88928A191C8E5DD000A05FFB /* 退回上一页.app */ = {isa = PBXFileReference; explicitFileType = wrapper.application; includeInIndex = 0; path = "退回上一页.app"; sourceTree = BUILT_PRODUCTS_DIR; };
		88928A1D1C8E5DD000A05FFB /* Info.plist */ = {isa = PBXFileReference; lastKnownFileType = text.plist.xml; path = Info.plist; sourceTree = "<group>"; };
		88928A1E1C8E5DD000A05FFB /* AppDelegate.swift */ = {isa = PBXFileReference; lastKnownFileType = sourcecode.swift; path = AppDelegate.swift; sourceTree = "<group>"; };
		88928A201C8E5DD000A05FFB /* ViewController.swift */ = {isa = PBXFileReference; lastKnownFileType = sourcecode.swift; path = ViewController.swift; sourceTree = "<group>"; };
		88928A231C8E5DD000A05FFB /* Base */ = {isa = PBXFileReference; lastKnownFileType = file.storyboard; name = Base; path = Base.lproj/Main.storyboard; sourceTree = "<group>"; };
		88928A251C8E5DD000A05FFB /* Images.xcassets */ = {isa = PBXFileReference; lastKnownFileType = folder.assetcatalog; path = Images.xcassets; sourceTree = "<group>"; };
		88928A281C8E5DD000A05FFB /* Base */ = {isa = PBXFileReference; lastKnownFileType = file.xib; name = Base; path = Base.lproj/LaunchScreen.xib; sourceTree = "<group>"; };
		88928A2E1C8E5DD000A05FFB /* 退回上一页Tests.xctest */ = {isa = PBXFileReference; explicitFileType = wrapper.cfbundle; includeInIndex = 0; path = "退回上一页Tests.xctest"; sourceTree = BUILT_PRODUCTS_DIR; };
		88928A331C8E5DD000A05FFB /* Info.plist */ = {isa = PBXFileReference; lastKnownFileType = text.plist.xml; path = Info.plist; sourceTree = "<group>"; };
		88928A341C8E5DD000A05FFB /* _____Tests.swift */ = {isa = PBXFileReference; lastKnownFileType = sourcecode.swift; path = "_____Tests.swift"; sourceTree = "<group>"; };
		88928A3E1C8E5EB700A05FFB /* nextViewController.swift */ = {isa = PBXFileReference; fileEncoding = 4; lastKnownFileType = sourcecode.swift; path = nextViewController.swift; sourceTree = "<group>"; };
/* End PBXFileReference section */

/* Begin PBXFrameworksBuildPhase section */
		88928A161C8E5DD000A05FFB /* Frameworks */ = {
			isa = PBXFrameworksBuildPhase;
			buildActionMask = 2147483647;
			files = (
			);
			runOnlyForDeploymentPostprocessing = 0;
		};
		88928A2B1C8E5DD000A05FFB /* Frameworks */ = {
			isa = PBXFrameworksBuildPhase;
			buildActionMask = 2147483647;
			files = (
			);
			runOnlyForDeploymentPostprocessing = 0;
		};
/* End PBXFrameworksBuildPhase section */

/* Begin PBXGroup section */
		88928A101C8E5DD000A05FFB = {
			isa = PBXGroup;
			children = (
				88928A1B1C8E5DD000A05FFB /* 退回上一页 */,
				88928A311C8E5DD000A05FFB /* 退回上一页Tests */,
				88928A1A1C8E5DD000A05FFB /* Products */,
			);
			sourceTree = "<group>";
		};
		88928A1A1C8E5DD000A05FFB /* Products */ = {
			isa = PBXGroup;
			children = (
				88928A191C8E5DD000A05FFB /* 退回上一页.app */,
				88928A2E1C8E5DD000A05FFB /* 退回上一页Tests.xctest */,
			);
			name = Products;
			sourceTree = "<group>";
		};
		88928A1B1C8E5DD000A05FFB /* 退回上一页 */ = {
			isa = PBXGroup;
			children = (
				88928A1E1C8E5DD000A05FFB /* AppDelegate.swift */,
				88928A201C8E5DD000A05FFB /* ViewController.swift */,
				88928A3E1C8E5EB700A05FFB /* nextViewController.swift */,
				88928A221C8E5DD000A05FFB /* Main.storyboard */,
				88928A251C8E5DD000A05FFB /* Images.xcassets */,
				88928A271C8E5DD000A05FFB /* LaunchScreen.xib */,
				88928A1C1C8E5DD000A05FFB /* Supporting Files */,
			);
			path = "退回上一页";
			sourceTree = "<group>";
		};
		88928A1C1C8E5DD000A05FFB /* Supporting Files */ = {
			isa = PBXGroup;
			children = (
				88928A1D1C8E5DD000A05FFB /* Info.plist */,
			);
			name = "Supporting Files";
			sourceTree = "<group>";
		};
		88928A311C8E5DD000A05FFB /* 退回上一页Tests */ = {
			isa = PBXGroup;
			children = (
				88928A341C8E5DD000A05FFB /* _____Tests.swift */,
				88928A321C8E5DD000A05FFB /* Supporting Files */,
			);
			path = "退回上一页Tests";
			sourceTree = "<group>";
		};
		88928A321C8E5DD000A05FFB /* Supporting Files */ = {
			isa = PBXGroup;
			children = (
				88928A331C8E5DD000A05FFB /* Info.plist */,
			);
			name = "Supporting Files";
			sourceTree = "<group>";
		};
/* End PBXGroup section */

/* Begin PBXNativeTarget section */
		88928A181C8E5DD000A05FFB /* 退回上一页 */ = {
			isa = PBXNativeTarget;
			buildConfigurationList = 88928A381C8E5DD000A05FFB /* Build configuration list for PBXNativeTarget "退回上一页" */;
			buildPhases = (
				88928A151C8E5DD000A05FFB /* Sources */,
				88928A161C8E5DD000A05FFB /* Frameworks */,
				88928A171C8E5DD000A05FFB /* Resources */,
			);
			buildRules = (
			);
			dependencies = (
			);
			name = "退回上一页";
			productName = "退回上一页";
			productReference = 88928A191C8E5DD000A05FFB /* 退回上一页.app */;
			productType = "com.apple.product-type.application";
		};
		88928A2D1C8E5DD000A05FFB /* 退回上一页Tests */ = {
			isa = PBXNativeTarget;
			buildConfigurationList = 88928A3B1C8E5DD000A05FFB /* Build configuration list for PBXNativeTarget "退回上一页Tests" */;
			buildPhases = (
				88928A2A1C8E5DD000A05FFB /* Sources */,
				88928A2B1C8E5DD000A05FFB /* Frameworks */,
				88928A2C1C8E5DD000A05FFB /* Resources */,
			);
			buildRules = (
			);
			dependencies = (
				88928A301C8E5DD000A05FFB /* PBXTargetDependency */,
			);
			name = "退回上一页Tests";
			productName = "退回上一页Tests";
			productReference = 88928A2E1C8E5DD000A05FFB /* 退回上一页Tests.xctest */;
			productType = "com.apple.product-type.bundle.unit-test";
		};
/* End PBXNativeTarget section */

/* Begin PBXProject section */
		88928A111C8E5DD000A05FFB /* Project object */ = {
			isa = PBXProject;
			attributes = {
				LastUpgradeCheck = 0640;
				ORGANIZATIONNAME = ebiz;
				TargetAttributes = {
					88928A181C8E5DD000A05FFB = {
						CreatedOnToolsVersion = 6.4;
					};
					88928A2D1C8E5DD000A05FFB = {
						CreatedOnToolsVersion = 6.4;
						TestTargetID = 88928A181C8E5DD000A05FFB;
					};
				};
			};
			buildConfigurationList = 88928A141C8E5DD000A05FFB /* Build configuration list for PBXProject "退回上一页" */;
			compatibilityVersion = "Xcode 3.2";
			developmentRegion = English;
			hasScannedForEncodings = 0;
			knownRegions = (
				en,
				Base,
			);
			mainGroup = 88928A101C8E5DD000A05FFB;
			productRefGroup = 88928A1A1C8E5DD000A05FFB /* Products */;
			projectDirPath = "";
			projectRoot = "";
			targets = (
				88928A181C8E5DD000A05FFB /* 退回上一页 */,
				88928A2D1C8E5DD000A05FFB /* 退回上一页Tests */,
			);
		};
/* End PBXProject section */

/* Begin PBXResourcesBuildPhase section */
		88928A171C8E5DD000A05FFB /* Resources */ = {
			isa = PBXResourcesBuildPhase;
			buildActionMask = 2147483647;
			files = (
				88928A241C8E5DD000A05FFB /* Main.storyboard in Resources */,
				88928A291C8E5DD000A05FFB /* LaunchScreen.xib in Resources */,
				88928A261C8E5DD000A05FFB /* Images.xcassets in Resources */,
			);
			runOnlyForDeploymentPostprocessing = 0;
		};
		88928A2C1C8E5DD000A05FFB /* Resources */ = {
			isa = PBXResourcesBuildPhase;
			buildActionMask = 2147483647;
			files = (
			);
			runOnlyForDeploymentPostprocessing = 0;
		};
/* End PBXResourcesBuildPhase section */

/* Begin PBXSourcesBuildPhase section */
		88928A151C8E5DD000A05FFB /* Sources */ = {
			isa = PBXSourcesBuildPhase;
			buildActionMask = 2147483647;
			files = (
				88928A3F1C8E5EB700A05FFB /* nextViewController.swift in Sources */,
				88928A211C8E5DD000A05FFB /* ViewController.swift in Sources */,
				88928A1F1C8E5DD000A05FFB /* AppDelegate.swift in Sources */,
			);
			runOnlyForDeploymentPostprocessing = 0;
		};
		88928A2A1C8E5DD000A05FFB /* Sources */ = {
			isa = PBXSourcesBuildPhase;
			buildActionMask = 2147483647;
			files = (
				88928A351C8E5DD000A05FFB /* _____Tests.swift in Sources */,
			);
			runOnlyForDeploymentPostprocessing = 0;
		};
/* End PBXSourcesBuildPhase section */

/* Begin PBXTargetDependency section */
		88928A301C8E5DD000A05FFB /* PBXTargetDependency */ = {
			isa = PBXTargetDependency;
			target = 88928A181C8E5DD000A05FFB /* 退回上一页 */;
			targetProxy = 88928A2F1C8E5DD000A05FFB /* PBXContainerItemProxy */;
		};
/* End PBXTargetDependency section */

/* Begin PBXVariantGroup section */
		88928A221C8E5DD000A05FFB /* Main.storyboard */ = {
			isa = PBXVariantGroup;
			children = (
				88928A231C8E5DD000A05FFB /* Base */,
			);
			name = Main.storyboard;
			sourceTree = "<group>";
		};
		88928A271C8E5DD000A05FFB /* LaunchScreen.xib */ = {
			isa = PBXVariantGroup;
			children = (
				88928A281C8E5DD000A05FFB /* Base */,
			);
			name = LaunchScreen.xib;
			sourceTree = "<group>";
		};
/* End PBXVariantGroup section */

/* Begin XCBuildConfiguration section */
		88928A361C8E5DD000A05FFB /* Debug */ = {
			isa = XCBuildConfiguration;
			buildSettings = {
				ALWAYS_SEARCH_USER_PATHS = NO;
				CLANG_CXX_LANGUAGE_STANDARD = "gnu++0x";
				CLANG_CXX_LIBRARY = "libc++";
				CLANG_ENABLE_MODULES = YES;
				CLANG_ENABLE_OBJC_ARC = YES;
				CLANG_WARN_BOOL_CONVERSION = YES;
				CLANG_WARN_CONSTANT_CONVERSION = YES;
				CLANG_WARN_DIRECT_OBJC_ISA_USAGE = YES_ERROR;
				CLANG_WARN_EMPTY_BODY = YES;
				CLANG_WARN_ENUM_CONVERSION = YES;
				CLANG_WARN_INT_CONVERSION = YES;
				CLANG_WARN_OBJC_ROOT_CLASS = YES_ERROR;
				CLANG_WARN_UNREACHABLE_CODE = YES;
				CLANG_WARN__DUPLICATE_METHOD_MATCH = YES;
				"CODE_SIGN_IDENTITY[sdk=iphoneos*]" = "iPhone Developer";
				COPY_PHASE_STRIP = NO;
				DEBUG_INFORMATION_FORMAT = "dwarf-with-dsym";
				ENABLE_STRICT_OBJC_MSGSEND = YES;
				GCC_C_LANGUAGE_STANDARD = gnu99;
				GCC_DYNAMIC_NO_PIC = NO;
				GCC_NO_COMMON_BLOCKS = YES;
				GCC_OPTIMIZATION_LEVEL = 0;
				GCC_PREPROCESSOR_DEFINITIONS = (
					"DEBUG=1",
					"$(inherited)",
				);
				GCC_SYMBOLS_PRIVATE_EXTERN = NO;
				GCC_WARN_64_TO_32_BIT_CONVERSION = YES;
				GCC_WARN_ABOUT_RETURN_TYPE = YES_ERROR;
				GCC_WARN_UNDECLARED_SELECTOR = YES;
				GCC_WARN_UNINITIALIZED_AUTOS = YES_AGGRESSIVE;
				GCC_WARN_UNUSED_FUNCTION = YES;
				GCC_WARN_UNUSED_VARIABLE = YES;
				IPHONEOS_DEPLOYMENT_TARGET = 8.4;
				MTL_ENABLE_DEBUG_INFO = YES;
				ONLY_ACTIVE_ARCH = YES;
				SDKROOT = iphoneos;
				SWIFT_OPTIMIZATION_LEVEL = "-Onone";
			};
			name = Debug;
		};
		88928A371C8E5DD000A05FFB /* Release */ = {
			isa = XCBuildConfiguration;
			buildSettings = {
				ALWAYS_SEARCH_USER_PATHS = NO;
				CLANG_CXX_LANGUAGE_STANDARD = "gnu++0x";
				CLANG_CXX_LIBRARY = "libc++";
				CLANG_ENABLE_MODULES = YES;
				CLANG_ENABLE_OBJC_ARC = YES;
				CLANG_WARN_BOOL_CONVERSION = YES;
				CLANG_WARN_CONSTANT_CONVERSION = YES;
				CLANG_WARN_DIRECT_OBJC_ISA_USAGE = YES_ERROR;
				CLANG_WARN_EMPTY_BODY = YES;
				CLANG_WARN_ENUM_CONVERSION = YES;
				CLANG_WARN_INT_CONVERSION = YES;
				CLANG_WARN_OBJC_ROOT_CLASS = YES_ERROR;
				CLANG_WARN_UNREACHABLE_CODE = YES;
				CLANG_WARN__DUPLICATE_METHOD_MATCH = YES;
				"CODE_SIGN_IDENTITY[sdk=iphoneos*]" = "iPhone Developer";
				COPY_PHASE_STRIP = NO;
				DEBUG_INFORMATION_FORMAT = "dwarf-with-dsym";
				ENABLE_NS_ASSERTIONS = NO;
				ENABLE_STRICT_OBJC_MSGSEND = YES;
				GCC_C_LANGUAGE_STANDARD = gnu99;
				GCC_NO_COMMON_BLOCKS = YES;
				GCC_WARN_64_TO_32_BIT_CONVERSION = YES;
				GCC_WARN_ABOUT_RETURN_TYPE = YES_ERROR;
				GCC_WARN_UNDECLARED_SELECTOR = YES;
				GCC_WARN_UNINITIALIZED_AUTOS = YES_AGGRESSIVE;
				GCC_WARN_UNUSED_FUNCTION = YES;
				GCC_WARN_UNUSED_VARIABLE = YES;
				IPHONEOS_DEPLOYMENT_TARGET = 8.4;
				MTL_ENABLE_DEBUG_INFO = NO;
				SDKROOT = iphoneos;
				VALIDATE_PRODUCT = YES;
			};
			name = Release;
		};
		88928A391C8E5DD000A05FFB /* Debug */ = {
			isa = XCBuildConfiguration;
			buildSettings = {
				ASSETCATALOG_COMPILER_APPICON_NAME = AppIcon;
				INFOPLIST_FILE = "退回上一页/Info.plist";
				LD_RUNPATH_SEARCH_PATHS = "$(inherited) @executable_path/Frameworks";
				PRODUCT_NAME = "$(TARGET_NAME)";
			};
			name = Debug;
		};
		88928A3A1C8E5DD000A05FFB /* Release */ = {
			isa = XCBuildConfiguration;
			buildSettings = {
				ASSETCATALOG_COMPILER_APPICON_NAME = AppIcon;
				INFOPLIST_FILE = "退回上一页/Info.plist";
				LD_RUNPATH_SEARCH_PATHS = "$(inherited) @executable_path/Frameworks";
				PRODUCT_NAME = "$(TARGET_NAME)";
			};
			name = Release;
		};
		88928A3C1C8E5DD000A05FFB /* Debug */ = {
			isa = XCBuildConfiguration;
			buildSettings = {
				BUNDLE_LOADER = "$(TEST_HOST)";
				FRAMEWORK_SEARCH_PATHS = (
					"$(SDKROOT)/Developer/Library/Frameworks",
					"$(inherited)",
				);
				GCC_PREPROCESSOR_DEFINITIONS = (
					"DEBUG=1",
					"$(inherited)",
				);
				INFOPLIST_FILE = "退回上一页Tests/Info.plist";
				LD_RUNPATH_SEARCH_PATHS = "$(inherited) @executable_path/Frameworks @loader_path/Frameworks";
				PRODUCT_NAME = "$(TARGET_NAME)";
				TEST_HOST = "$(BUILT_PRODUCTS_DIR)/退回上一页.app/退回上一页";
			};
			name = Debug;
		};
		88928A3D1C8E5DD000A05FFB /* Release */ = {
			isa = XCBuildConfiguration;
			buildSettings = {
				BUNDLE_LOADER = "$(TEST_HOST)";
				FRAMEWORK_SEARCH_PATHS = (
					"$(SDKROOT)/Developer/Library/Frameworks",
					"$(inherited)",
				);
				INFOPLIST_FILE = "退回上一页Tests/Info.plist";
				LD_RUNPATH_SEARCH_PATHS = "$(inherited) @executable_path/Frameworks @loader_path/Frameworks";
				PRODUCT_NAME = "$(TARGET_NAME)";
				TEST_HOST = "$(BUILT_PRODUCTS_DIR)/退回上一页.app/退回上一页";
			};
			name = Release;
		};
/* End XCBuildConfiguration section */

/* Begin XCConfigurationList section */
		88928A141C8E5DD000A05FFB /* Build configuration list for PBXProject "退回上一页" */ = {
			isa = XCConfigurationList;
			buildConfigurations = (
				88928A361C8E5DD000A05FFB /* Debug */,
				88928A371C8E5DD000A05FFB /* Release */,
			);
			defaultConfigurationIsVisible = 0;
			defaultConfigurationName = Release;
		};
		88928A381C8E5DD000A05FFB /* Build configuration list for PBXNativeTarget "退回上一页" */ = {
			isa = XCConfigurationList;
			buildConfigurations = (
				88928A391C8E5DD000A05FFB /* Debug */,
				88928A3A1C8E5DD000A05FFB /* Release */,
			);
			defaultConfigurationIsVisible = 0;
		};
		88928A3B1C8E5DD000A05FFB /* Build configuration list for PBXNativeTarget "退回上一页Tests" */ = {
			isa = XCConfigurationList;
			buildConfigurations = (
				88928A3C1C8E5DD000A05FFB /* Debug */,
				88928A3D1C8E5DD000A05FFB /* Release */,
			);
			defaultConfigurationIsVisible = 0;
		};
/* End XCConfigurationList section */
	};
	rootObject = 88928A111C8E5DD000A05FFB /* Project object */;
}
